
Microsoft Visual Studio Solution File, Format Version 12.00
# Visual Studio Version 16
VisualStudioVersion = 16.0.31702.278
MinimumVisualStudioVersion = 10.0.40219.1
Project("{888888A0-9F3D-457C-B088-3A5042F75D52}") = "Sound Master", "Sound Master\Sound Master.pyproj", "{3593E261-EFC2-4CBC-A369-36B168FB63AD}"
EndProject
Project("{888888A0-9F3D-457C-B088-3A5042F75D52}") = "__main__", "__main__\__main__.pyproj", "{9D20498E-7A90-4E67-9890-06E22A588997}"
EndProject
Global
	GlobalSection(SolutionConfigurationPlatforms) = preSolution
		Debug|Any CPU = Debug|Any CPU
		Release|Any CPU = Release|Any CPU
	EndGlobalSection
	GlobalSection(ProjectConfigurationPlatforms) = postSolution
		{3593E261-EFC2-4CBC-A369-36B168FB63AD}.Debug|Any CPU.ActiveCfg = Debug|Any CPU
		{3593E261-EFC2-4CBC-A369-36B168FB63AD}.Release|Any CPU.ActiveCfg = Release|Any CPU
		{9D20498E-7A90-4E67-9890-06E22A588997}.Debug|Any CPU.ActiveCfg = Debug|Any CPU
		{9D20498E-7A90-4E67-9890-06E22A588997}.Release|Any CPU.ActiveCfg = Release|Any CPU
	EndGlobalSection
	GlobalSection(SolutionProperties) = preSolution
		HideSolutionNode = FALSE
	EndGlobalSection
	GlobalSection(ExtensibilityGlobals) = postSolution
		SolutionGuid = {F7722575-EE5D-4A6D-A88A-7B4EF1A16B30}
	EndGlobalSection
EndGlobal
